// !$*UTF8*$!
{
	archiveVersion = 1;
	classes = {
	};
	objectVersion = 77;
	objects = {

/* Begin PBXContainerItemProxy section */
		1775C5392CF204BF00F6C61A /* PBXContainerItemProxy */ = {
			isa = PBXContainerItemProxy;
			containerPortal = 1775C51A2CF204BE00F6C61A /* Project object */;
			proxyType = 1;
			remoteGlobalIDString = 1775C5212CF204BE00F6C61A;
			remoteInfo = HW03_IG;
		};
		1775C5432CF204BF00F6C61A /* PBXContainerItemProxy */ = {
			isa = PBXContainerItemProxy;
			containerPortal = 1775C51A2CF204BE00F6C61A /* Project object */;
			proxyType = 1;
			remoteGlobalIDString = 1775C5212CF204BE00F6C61A;
			remoteInfo = HW03_IG;
		};
/* End PBXContainerItemProxy section */

/* Begin PBXFileReference section */
		1775C5222CF204BE00F6C61A /* HW03_IG.app */ = {isa = PBXFileReference; explicitFileType = wrapper.application; includeInIndex = 0; path = HW03_IG.app; sourceTree = BUILT_PRODUCTS_DIR; };
		1775C5382CF204BF00F6C61A /* HW03_IGTests.xctest */ = {isa = PBXFileReference; explicitFileType = wrapper.cfbundle; includeInIndex = 0; path = HW03_IGTests.xctest; sourceTree = BUILT_PRODUCTS_DIR; };
		1775C5422CF204BF00F6C61A /* HW03_IGUITests.xctest */ = {isa = PBXFileReference; explicitFileType = wrapper.cfbundle; includeInIndex = 0; path = HW03_IGUITests.xctest; sourceTree = BUILT_PRODUCTS_DIR; };
/* End PBXFileReference section */

/* Begin PBXFileSystemSynchronizedBuildFileExceptionSet section */
		1775C54A2CF204BF00F6C61A /* Exceptions for "HW03_IG" folder in "HW03_IG" target */ = {
			isa = PBXFileSystemSynchronizedBuildFileExceptionSet;
			membershipExceptions = (
				Info.plist,
			);
			target = 1775C5212CF204BE00F6C61A /* HW03_IG */;
		};
/* End PBXFileSystemSynchronizedBuildFileExceptionSet section */

/* Begin PBXFileSystemSynchronizedRootGroup section */
		1775C5242CF204BE00F6C61A /* HW03_IG */ = {
			isa = PBXFileSystemSynchronizedRootGroup;
			exceptions = (
				1775C54A2CF204BF00F6C61A /* Exceptions for "HW03_IG" folder in "HW03_IG" target */,
			);
			path = HW03_IG;
			sourceTree = "<group>";
		};
		1775C53B2CF204BF00F6C61A /* HW03_IGTests */ = {
			isa = PBXFileSystemSynchronizedRootGroup;
			path = HW03_IGTests;
			sourceTree = "<group>";
		};
		1775C5452CF204BF00F6C61A /* HW03_IGUITests */ = {
			isa = PBXFileSystemSynchronizedRootGroup;
			path = HW03_IGUITests;
			sourceTree = "<group>";
		};
/* End PBXFileSystemSynchronizedRootGroup section */

/* Begin PBXFrameworksBuildPhase section */
		1775C51F2CF204BE00F6C61A /* Frameworks */ = {
			isa = PBXFrameworksBuildPhase;
			buildActionMask = 2147483647;
			files = (
			);
			runOnlyForDeploymentPostprocessing = 0;
		};
		1775C5352CF204BF00F6C61A /* Frameworks */ = {
			isa = PBXFrameworksBuildPhase;
			buildActionMask = 2147483647;
			files = (
			);
			runOnlyForDeploymentPostprocessing = 0;
		};
		1775C53F2CF204BF00F6C61A /* Frameworks */ = {
			isa = PBXFrameworksBuildPhase;
			buildActionMask = 2147483647;
			files = (
			);
			runOnlyForDeploymentPostprocessing = 0;
		};
/* End PBXFrameworksBuildPhase section */

/* Begin PBXGroup section */
		1775C5192CF204BE00F6C61A = {
			isa = PBXGroup;
			children = (
				1775C5242CF204BE00F6C61A /* HW03_IG */,
				1775C53B2CF204BF00F6C61A /* HW03_IGTests */,
				1775C5452CF204BF00F6C61A /* HW03_IGUITests */,
				1775C5232CF204BE00F6C61A /* Products */,
			);
			sourceTree = "<group>";
		};
		1775C5232CF204BE00F6C61A /* Products */ = {
			isa = PBXGroup;
			children = (
				1775C5222CF204BE00F6C61A /* HW03_IG.app */,
				1775C5382CF204BF00F6C61A /* HW03_IGTests.xctest */,
				1775C5422CF204BF00F6C61A /* HW03_IGUITests.xctest */,
			);
			name = Products;
			sourceTree = "<group>";
		};
/* End PBXGroup section */

/* Begin PBXNativeTarget section */
		1775C5212CF204BE00F6C61A /* HW03_IG */ = {
			isa = PBXNativeTarget;
			buildConfigurationList = 1775C54B2CF204BF00F6C61A /* Build configuration list for PBXNativeTarget "HW03_IG" */;
			buildPhases = (
				1775C51E2CF204BE00F6C61A /* Sources */,
				1775C51F2CF204BE00F6C61A /* Frameworks */,
				1775C5202CF204BE00F6C61A /* Resources */,
			);
			buildRules = (
			);
			dependencies = (
			);
			fileSystemSynchronizedGroups = (
				1775C5242CF204BE00F6C61A /* HW03_IG */,
			);
			name = HW03_IG;
			packageProductDependencies = (
			);
			productName = HW03_IG;
			productReference = 1775C5222CF204BE00F6C61A /* HW03_IG.app */;
			productType = "com.apple.product-type.application";
		};
		1775C5372CF204BF00F6C61A /* HW03_IGTests */ = {
			isa = PBXNativeTarget;
			buildConfigurationList = 1775C5502CF204BF00F6C61A /* Build configuration list for PBXNativeTarget "HW03_IGTests" */;
			buildPhases = (
				1775C5342CF204BF00F6C61A /* Sources */,
				1775C5352CF204BF00F6C61A /* Frameworks */,
				1775C5362CF204BF00F6C61A /* Resources */,
			);
			buildRules = (
			);
			dependencies = (
				1775C53A2CF204BF00F6C61A /* PBXTargetDependency */,
			);
			fileSystemSynchronizedGroups = (
				1775C53B2CF204BF00F6C61A /* HW03_IGTests */,
			);
			name = HW03_IGTests;
			packageProductDependencies = (
			);
			productName = HW03_IGTests;
			productReference = 1775C5382CF204BF00F6C61A /* HW03_IGTests.xctest */;
			productType = "com.apple.product-type.bundle.unit-test";
		};
		1775C5412CF204BF00F6C61A /* HW03_IGUITests */ = {
			isa = PBXNativeTarget;
			buildConfigurationList = 1775C5532CF204BF00F6C61A /* Build configuration list for PBXNativeTarget "HW03_IGUITests" */;
			buildPhases = (
				1775C53E2CF204BF00F6C61A /* Sources */,
				1775C53F2CF204BF00F6C61A /* Frameworks */,
				1775C5402CF204BF00F6C61A /* Resources */,
			);
			buildRules = (
			);
			dependencies = (
				1775C5442CF204BF00F6C61A /* PBXTargetDependency */,
			);
			fileSystemSynchronizedGroups = (
				1775C5452CF204BF00F6C61A /* HW03_IGUITests */,
			);
			name = HW03_IGUITests;
			packageProductDependencies = (
			);
			productName = HW03_IGUITests;
			productReference = 1775C5422CF204BF00F6C61A /* HW03_IGUITests.xctest */;
			productType = "com.apple.product-type.bundle.ui-testing";
		};
/* End PBXNativeTarget section */

/* Begin PBXProject section */
		1775C51A2CF204BE00F6C61A /* Project object */ = {
			isa = PBXProject;
			attributes = {
				BuildIndependentTargetsInParallel = 1;
				LastSwiftUpdateCheck = 1610;
				LastUpgradeCheck = 1610;
				TargetAttributes = {
					1775C5212CF204BE00F6C61A = {
						CreatedOnToolsVersion = 16.1;
					};
					1775C5372CF204BF00F6C61A = {
						CreatedOnToolsVersion = 16.1;
						TestTargetID = 1775C5212CF204BE00F6C61A;
					};
					1775C5412CF204BF00F6C61A = {
						CreatedOnToolsVersion = 16.1;
						TestTargetID = 1775C5212CF204BE00F6C61A;
					};
				};
			};
			buildConfigurationList = 1775C51D2CF204BE00F6C61A /* Build configuration list for PBXProject "HW03_IG" */;
			developmentRegion = en;
			hasScannedForEncodings = 0;
			knownRegions = (
				en,
				Base,
			);
			mainGroup = 1775C5192CF204BE00F6C61A;
			minimizedProjectReferenceProxies = 1;
			preferredProjectObjectVersion = 77;
			productRefGroup = 1775C5232CF204BE00F6C61A /* Products */;
			projectDirPath = "";
			projectRoot = "";
			targets = (
				1775C5212CF204BE00F6C61A /* HW03_IG */,
				1775C5372CF204BF00F6C61A /* HW03_IGTests */,
				1775C5412CF204BF00F6C61A /* HW03_IGUITests */,
			);
		};
/* End PBXProject section */

/* Begin PBXResourcesBuildPhase section */
		1775C5202CF204BE00F6C61A /* Resources */ = {
			isa = PBXResourcesBuildPhase;
			buildActionMask = 2147483647;
			files = (
			);
			runOnlyForDeploymentPostprocessing = 0;
		};
		1775C5362CF204BF00F6C61A /* Resources */ = {
			isa = PBXResourcesBuildPhase;
			buildActionMask = 2147483647;
			files = (
			);
			runOnlyForDeploymentPostprocessing = 0;
		};
		1775C5402CF204BF00F6C61A /* Resources */ = {
			isa = PBXResourcesBuildPhase;
			buildActionMask = 2147483647;
			files = (
			);
			runOnlyForDeploymentPostprocessing = 0;
		};
/* End PBXResourcesBuildPhase section */

/* Begin PBXSourcesBuildPhase section */
		1775C51E2CF204BE00F6C61A /* Sources */ = {
			isa = PBXSourcesBuildPhase;
			buildActionMask = 2147483647;
			files = (
			);
			runOnlyForDeploymentPostprocessing = 0;
		};
		1775C5342CF204BF00F6C61A /* Sources */ = {
			isa = PBXSourcesBuildPhase;
			buildActionMask = 2147483647;
			files = (
			);
			runOnlyForDeploymentPostprocessing = 0;
		};
		1775C53E2CF204BF00F6C61A /* Sources */ = {
			isa = PBXSourcesBuildPhase;
			buildActionMask = 2147483647;
			files = (
			);
			runOnlyForDeploymentPostprocessing = 0;
		};
/* End PBXSourcesBuildPhase section */

/* Begin PBXTargetDependency section */
		1775C53A2CF204BF00F6C61A /* PBXTargetDependency */ = {
			isa = PBXTargetDependency;
			target = 1775C5212CF204BE00F6C61A /* HW03_IG */;
			targetProxy = 1775C5392CF204BF00F6C61A /* PBXContainerItemProxy */;
		};
		1775C5442CF204BF00F6C61A /* PBXTargetDependency */ = {
			isa = PBXTargetDependency;
			target = 1775C5212CF204BE00F6C61A /* HW03_IG */;
			targetProxy = 1775C5432CF204BF00F6C61A /* PBXContainerItemProxy */;
		};
/* End PBXTargetDependency section */

/* Begin XCBuildConfiguration section */
		1775C54C2CF204BF00F6C61A /* Debug */ = {
			isa = XCBuildConfiguration;
			buildSettings = {
				ASSETCATALOG_COMPILER_APPICON_NAME = AppIcon;
				ASSETCATALOG_COMPILER_GLOBAL_ACCENT_COLOR_NAME = AccentColor;
				CODE_SIGN_STYLE = Automatic;
				CURRENT_PROJECT_VERSION = 1;
				DEVELOPMENT_TEAM = 487MR2MCZL;
				GENERATE_INFOPLIST_FILE = YES;
				INFOPLIST_FILE = HW03_IG/Info.plist;
				INFOPLIST_KEY_UIApplicationSupportsIndirectInputEvents = YES;
				INFOPLIST_KEY_UILaunchStoryboardName = LaunchScreen;
				INFOPLIST_KEY_UIMainStoryboardFile = Main;
				INFOPLIST_KEY_UISupportedInterfaceOrientations_iPad = "UIInterfaceOrientationPortrait UIInterfaceOrientationPortraitUpsideDown UIInterfaceOrientationLandscapeLeft UIInterfaceOrientationLandscapeRight";
				INFOPLIST_KEY_UISupportedInterfaceOrientations_iPhone = "UIInterfaceOrientationPortrait UIInterfaceOrientationLandscapeLeft UIInterfaceOrientationLandscapeRight";
				LD_RUNPATH_SEARCH_PATHS = (
					"$(inherited)",
					"@executable_path/Frameworks",
				);
				MARKETING_VERSION = 1.0;
				PRODUCT_BUNDLE_IDENTIFIER = "com.Laurence.HW03-IG";
				PRODUCT_NAME = "$(TARGET_NAME)";
				SWIFT_EMIT_LOC_STRINGS = YES;
				SWIFT_VERSION = 5.0;
				TARGETED_DEVICE_FAMILY = "1,2";
			};
			name = Debug;
		};
		1775C54D2CF204BF00F6C61A /* Release */ = {
			isa = XCBuildConfiguration;
			buildSettings = {
				ASSETCATALOG_COMPILER_APPICON_NAME = AppIcon;
				ASSETCATALOG_COMPILER_GLOBAL_ACCENT_COLOR_NAME = AccentColor;
				CODE_SIGN_STYLE = Automatic;
				CURRENT_PROJECT_VERSION = 1;
				DEVELOPMENT_TEAM = 487MR2MCZL;
				GENERATE_INFOPLIST_FILE = YES;
				INFOPLIST_FILE = HW03_IG/Info.plist;
				INFOPLIST_KEY_UIApplicationSupportsIndirectInputEvents = YES;
				INFOPLIST_KEY_UILaunchStoryboardName = LaunchScreen;
				INFOPLIST_KEY_UIMainStoryboardFile = Main;
				INFOPLIST_KEY_UISupportedInterfaceOrientations_iPad = "UIInterfaceOrientationPortrait UIInterfaceOrientationPortraitUpsideDown UIInterfaceOrientationLandscapeLeft UIInterfaceOrientationLandscapeRight";
				INFOPLIST_KEY_UISupportedInterfaceOrientations_iPhone = "UIInterfaceOrientationPortrait UIInterfaceOrientationLandscapeLeft UIInterfaceOrientationLandscapeRight";
				LD_RUNPATH_SEARCH_PATHS = (
					"$(inherited)",
					"@executable_path/Frameworks",
				);
				MARKETING_VERSION = 1.0;
				PRODUCT_BUNDLE_IDENTIFIER = "com.Laurence.HW03-IG";
				PRODUCT_NAME = "$(TARGET_NAME)";
				SWIFT_EMIT_LOC_STRINGS = YES;
				SWIFT_VERSION = 5.0;
				TARGETED_DEVICE_FAMILY = "1,2";
			};
			name = Release;
		};
		1775C54E2CF204BF00F6C61A /* Debug */ = {
			isa = XCBuildConfiguration;
			buildSettings = {
				ALWAYS_SEARCH_USER_PATHS = NO;
				ASSETCATALOG_COMPILER_GENERATE_SWIFT_ASSET_SYMBOL_EXTENSIONS = YES;
				CLANG_ANALYZER_NONNULL = YES;
				CLANG_ANALYZER_NUMBER_OBJECT_CONVERSION = YES_AGGRESSIVE;
				CLANG_CXX_LANGUAGE_STANDARD = "gnu++20";
				CLANG_ENABLE_MODULES = YES;
				CLANG_ENABLE_OBJC_ARC = YES;
				CLANG_ENABLE_OBJC_WEAK = YES;
				CLANG_WARN_BLOCK_CAPTURE_AUTORELEASING = YES;
				CLANG_WARN_BOOL_CONVERSION = YES;
				CLANG_WARN_COMMA = YES;
				CLANG_WARN_CONSTANT_CONVERSION = YES;
				CLANG_WARN_DEPRECATED_OBJC_IMPLEMENTATIONS = YES;
				CLANG_WARN_DIRECT_OBJC_ISA_USAGE = YES_ERROR;
				CLANG_WARN_DOCUMENTATION_COMMENTS = YES;
				CLANG_WARN_EMPTY_BODY = YES;
				CLANG_WARN_ENUM_CONVERSION = YES;
				CLANG_WARN_INFINITE_RECURSION = YES;
				CLANG_WARN_INT_CONVERSION = YES;
				CLANG_WARN_NON_LITERAL_NULL_CONVERSION = YES;
				CLANG_WARN_OBJC_IMPLICIT_RETAIN_SELF = YES;
				CLANG_WARN_OBJC_LITERAL_CONVERSION = YES;
				CLANG_WARN_OBJC_ROOT_CLASS = YES_ERROR;
				CLANG_WARN_QUOTED_INCLUDE_IN_FRAMEWORK_HEADER = YES;
				CLANG_WARN_RANGE_LOOP_ANALYSIS = YES;
				CLANG_WARN_STRICT_PROTOTYPES = YES;
				CLANG_WARN_SUSPICIOUS_MOVE = YES;
				CLANG_WARN_UNGUARDED_AVAILABILITY = YES_AGGRESSIVE;
				CLANG_WARN_UNREACHABLE_CODE = YES;
				CLANG_WARN__DUPLICATE_METHOD_MATCH = YES;
				COPY_PHASE_STRIP = NO;
				DEBUG_INFORMATION_FORMAT = dwarf;
				ENABLE_STRICT_OBJC_MSGSEND = YES;
				ENABLE_TESTABILITY = YES;
				ENABLE_USER_SCRIPT_SANDBOXING = YES;
				GCC_C_LANGUAGE_STANDARD = gnu17;
				GCC_DYNAMIC_NO_PIC = NO;
				GCC_NO_COMMON_BLOCKS = YES;
				GCC_OPTIMIZATION_LEVEL = 0;
				GCC_PREPROCESSOR_DEFINITIONS = (
					"DEBUG=1",
					"$(inherited)",
				);
				GCC_WARN_64_TO_32_BIT_CONVERSION = YES;
				GCC_WARN_ABOUT_RETURN_TYPE = YES_ERROR;
				GCC_WARN_UNDECLARED_SELECTOR = YES;
				GCC_WARN_UNINITIALIZED_AUTOS = YES_AGGRESSIVE;
				GCC_WARN_UNUSED_FUNCTION = YES;
				GCC_WARN_UNUSED_VARIABLE = YES;
				IPHONEOS_DEPLOYMENT_TARGET = 18.1;
				LOCALIZATION_PREFERS_STRING_CATALOGS = YES;
				MTL_ENABLE_DEBUG_INFO = INCLUDE_SOURCE;
				MTL_FAST_MATH = YES;
				ONLY_ACTIVE_ARCH = YES;
				SDKROOT = iphoneos;
				SWIFT_ACTIVE_COMPILATION_CONDITIONS = "DEBUG $(inherited)";
				SWIFT_OPTIMIZATION_LEVEL = "-Onone";
			};
			name = Debug;
		};
		1775C54F2CF204BF00F6C61A /* Release */ = {
			isa = XCBuildConfiguration;
			buildSettings = {
				ALWAYS_SEARCH_USER_PATHS = NO;
				ASSETCATALOG_COMPILER_GENERATE_SWIFT_ASSET_SYMBOL_EXTENSIONS = YES;
				CLANG_ANALYZER_NONNULL = YES;
				CLANG_ANALYZER_NUMBER_OBJECT_CONVERSION = YES_AGGRESSIVE;
				CLANG_CXX_LANGUAGE_STANDARD = "gnu++20";
				CLANG_ENABLE_MODULES = YES;
				CLANG_ENABLE_OBJC_ARC = YES;
				CLANG_ENABLE_OBJC_WEAK = YES;
				CLANG_WARN_BLOCK_CAPTURE_AUTORELEASING = YES;
				CLANG_WARN_BOOL_CONVERSION = YES;
				CLANG_WARN_COMMA = YES;
				CLANG_WARN_CONSTANT_CONVERSION = YES;
				CLANG_WARN_DEPRECATED_OBJC_IMPLEMENTATIONS = YES;
				CLANG_WARN_DIRECT_OBJC_ISA_USAGE = YES_ERROR;
				CLANG_WARN_DOCUMENTATION_COMMENTS = YES;
				CLANG_WARN_EMPTY_BODY = YES;
				CLANG_WARN_ENUM_CONVERSION = YES;
				CLANG_WARN_INFINITE_RECURSION = YES;
				CLANG_WARN_INT_CONVERSION = YES;
				CLANG_WARN_NON_LITERAL_NULL_CONVERSION = YES;
				CLANG_WARN_OBJC_IMPLICIT_RETAIN_SELF = YES;
				CLANG_WARN_OBJC_LITERAL_CONVERSION = YES;
				CLANG_WARN_OBJC_ROOT_CLASS = YES_ERROR;
				CLANG_WARN_QUOTED_INCLUDE_IN_FRAMEWORK_HEADER = YES;
				CLANG_WARN_RANGE_LOOP_ANALYSIS = YES;
				CLANG_WARN_STRICT_PROTOTYPES = YES;
				CLANG_WARN_SUSPICIOUS_MOVE = YES;
				CLANG_WARN_UNGUARDED_AVAILABILITY = YES_AGGRESSIVE;
				CLANG_WARN_UNREACHABLE_CODE = YES;
				CLANG_WARN__DUPLICATE_METHOD_MATCH = YES;
				COPY_PHASE_STRIP = NO;
				DEBUG_INFORMATION_FORMAT = "dwarf-with-dsym";
				ENABLE_NS_ASSERTIONS = NO;
				ENABLE_STRICT_OBJC_MSGSEND = YES;
				ENABLE_USER_SCRIPT_SANDBOXING = YES;
				GCC_C_LANGUAGE_STANDARD = gnu17;
				GCC_NO_COMMON_BLOCKS = YES;
				GCC_WARN_64_TO_32_BIT_CONVERSION = YES;
				GCC_WARN_ABOUT_RETURN_TYPE = YES_ERROR;
				GCC_WARN_UNDECLARED_SELECTOR = YES;
				GCC_WARN_UNINITIALIZED_AUTOS = YES_AGGRESSIVE;
				GCC_WARN_UNUSED_FUNCTION = YES;
				GCC_WARN_UNUSED_VARIABLE = YES;
				IPHONEOS_DEPLOYMENT_TARGET = 18.1;
				LOCALIZATION_PREFERS_STRING_CATALOGS = YES;
				MTL_ENABLE_DEBUG_INFO = NO;
				MTL_FAST_MATH = YES;
				SDKROOT = iphoneos;
				SWIFT_COMPILATION_MODE = wholemodule;
				VALIDATE_PRODUCT = YES;
			};
			name = Release;
		};
		1775C5512CF204BF00F6C61A /* Debug */ = {
			isa = XCBuildConfiguration;
			buildSettings = {
				BUNDLE_LOADER = "$(TEST_HOST)";
				CODE_SIGN_STYLE = Automatic;
				CURRENT_PROJECT_VERSION = 1;
				DEVELOPMENT_TEAM = 487MR2MCZL;
				GENERATE_INFOPLIST_FILE = YES;
				IPHONEOS_DEPLOYMENT_TARGET = 18.1;
				MARKETING_VERSION = 1.0;
				PRODUCT_BUNDLE_IDENTIFIER = "com.Laurence.HW03-IGTests";
				PRODUCT_NAME = "$(TARGET_NAME)";
				SWIFT_EMIT_LOC_STRINGS = NO;
				SWIFT_VERSION = 5.0;
				TARGETED_DEVICE_FAMILY = "1,2";
				TEST_HOST = "$(BUILT_PRODUCTS_DIR)/HW03_IG.app/$(BUNDLE_EXECUTABLE_FOLDER_PATH)/HW03_IG";
			};
			name = Debug;
		};
		1775C5522CF204BF00F6C61A /* Release */ = {
			isa = XCBuildConfiguration;
			buildSettings = {
				BUNDLE_LOADER = "$(TEST_HOST)";
				CODE_SIGN_STYLE = Automatic;
				CURRENT_PROJECT_VERSION = 1;
				DEVELOPMENT_TEAM = 487MR2MCZL;
				GENERATE_INFOPLIST_FILE = YES;
				IPHONEOS_DEPLOYMENT_TARGET = 18.1;
				MARKETING_VERSION = 1.0;
				PRODUCT_BUNDLE_IDENTIFIER = "com.Laurence.HW03-IGTests";
				PRODUCT_NAME = "$(TARGET_NAME)";
				SWIFT_EMIT_LOC_STRINGS = NO;
				SWIFT_VERSION = 5.0;
				TARGETED_DEVICE_FAMILY = "1,2";
				TEST_HOST = "$(BUILT_PRODUCTS_DIR)/HW03_IG.app/$(BUNDLE_EXECUTABLE_FOLDER_PATH)/HW03_IG";
			};
			name = Release;
		};
		1775C5542CF204BF00F6C61A /* Debug */ = {
			isa = XCBuildConfiguration;
			buildSettings = {
				CODE_SIGN_STYLE = Automatic;
				CURRENT_PROJECT_VERSION = 1;
				DEVELOPMENT_TEAM = 487MR2MCZL;
				GENERATE_INFOPLIST_FILE = YES;
				MARKETING_VERSION = 1.0;
				PRODUCT_BUNDLE_IDENTIFIER = "com.Laurence.HW03-IGUITests";
				PRODUCT_NAME = "$(TARGET_NAME)";
				SWIFT_EMIT_LOC_STRINGS = NO;
				SWIFT_VERSION = 5.0;
				TARGETED_DEVICE_FAMILY = "1,2";
				TEST_TARGET_NAME = HW03_IG;
			};
			name = Debug;
		};
		1775C5552CF204BF00F6C61A /* Release */ = {
			isa = XCBuildConfiguration;
			buildSettings = {
				CODE_SIGN_STYLE = Automatic;
				CURRENT_PROJECT_VERSION = 1;
				DEVELOPMENT_TEAM = 487MR2MCZL;
				GENERATE_INFOPLIST_FILE = YES;
				MARKETING_VERSION = 1.0;
				PRODUCT_BUNDLE_IDENTIFIER = "com.Laurence.HW03-IGUITests";
				PRODUCT_NAME = "$(TARGET_NAME)";
				SWIFT_EMIT_LOC_STRINGS = NO;
				SWIFT_VERSION = 5.0;
				TARGETED_DEVICE_FAMILY = "1,2";
				TEST_TARGET_NAME = HW03_IG;
			};
			name = Release;
		};
/* End XCBuildConfiguration section */

/* Begin XCConfigurationList section */
		1775C51D2CF204BE00F6C61A /* Build configuration list for PBXProject "HW03_IG" */ = {
			isa = XCConfigurationList;
			buildConfigurations = (
				1775C54E2CF204BF00F6C61A /* Debug */,
				1775C54F2CF204BF00F6C61A /* Release */,
			);
			defaultConfigurationIsVisible = 0;
			defaultConfigurationName = Release;
		};
		1775C54B2CF204BF00F6C61A /* Build configuration list for PBXNativeTarget "HW03_IG" */ = {
			isa = XCConfigurationList;
			buildConfigurations = (
				1775C54C2CF204BF00F6C61A /* Debug */,
				1775C54D2CF204BF00F6C61A /* Release */,
			);
			defaultConfigurationIsVisible = 0;
			defaultConfigurationName = Release;
		};
		1775C5502CF204BF00F6C61A /* Build configuration list for PBXNativeTarget "HW03_IGTests" */ = {
			isa = XCConfigurationList;
			buildConfigurations = (
				1775C5512CF204BF00F6C61A /* Debug */,
				1775C5522CF204BF00F6C61A /* Release */,
			);
			defaultConfigurationIsVisible = 0;
			defaultConfigurationName = Release;
		};
		1775C5532CF204BF00F6C61A /* Build configuration list for PBXNativeTarget "HW03_IGUITests" */ = {
			isa = XCConfigurationList;
			buildConfigurations = (
				1775C5542CF204BF00F6C61A /* Debug */,
				1775C5552CF204BF00F6C61A /* Release */,
			);
			defaultConfigurationIsVisible = 0;
			defaultConfigurationName = Release;
		};
/* End XCConfigurationList section */
	};
	rootObject = 1775C51A2CF204BE00F6C61A /* Project object */;
}
